
Microsoft Visual Studio Solution File, Format Version 12.00
Project("{FAE04EC0-301F-11D3-BF4B-00C04F79EFBC}") = "CityInfo.API", "CityInfo.API\CityInfo.API.csproj", "{90B08EB2-813D-4885-ABD5-5275BA56D7EB}"
EndProject
Global
	GlobalSection(SolutionConfigurationPlatforms) = preSolution
		Debug|Any CPU = Debug|Any CPU
		Release|Any CPU = Release|Any CPU
	EndGlobalSection
	GlobalSection(ProjectConfigurationPlatforms) = postSolution
		{90B08EB2-813D-4885-ABD5-5275BA56D7EB}.Release|Any CPU.ActiveCfg = Release|Any CPU
		{90B08EB2-813D-4885-ABD5-5275BA56D7EB}.Release|Any CPU.Build.0 = Release|Any CPU
		{90B08EB2-813D-4885-ABD5-5275BA56D7EB}.Debug|Any CPU.ActiveCfg = Debug|Any CPU
		{90B08EB2-813D-4885-ABD5-5275BA56D7EB}.Debug|Any CPU.Build.0 = Debug|Any CPU
	EndGlobalSection
EndGlobal
